
Microsoft Visual Studio Solution File, Format Version 12.00
# Visual Studio Version 16
VisualStudioVersion = 16.0.31005.135
MinimumVisualStudioVersion = 10.0.40219.1
Project("{FAE04EC0-301F-11D3-BF4B-00C04F79EFBC}") = "CashRegister", "CashRegister\CashRegister.csproj", "{CBC55355-7ADD-4293-A243-C39AB6F8F0F2}"
EndProject
Global
	GlobalSection(SolutionConfigurationPlatforms) = preSolution
		Debug|Any CPU = Debug|Any CPU
		Release|Any CPU = Release|Any CPU
	EndGlobalSection
	GlobalSection(ProjectConfigurationPlatforms) = postSolution
		{CBC55355-7ADD-4293-A243-C39AB6F8F0F2}.Debug|Any CPU.ActiveCfg = Debug|Any CPU
		{CBC55355-7ADD-4293-A243-C39AB6F8F0F2}.Debug|Any CPU.Build.0 = Debug|Any CPU
		{CBC55355-7ADD-4293-A243-C39AB6F8F0F2}.Release|Any CPU.ActiveCfg = Release|Any CPU
		{CBC55355-7ADD-4293-A243-C39AB6F8F0F2}.Release|Any CPU.Build.0 = Release|Any CPU
	EndGlobalSection
	GlobalSection(SolutionProperties) = preSolution
		HideSolutionNode = FALSE
	EndGlobalSection
	GlobalSection(ExtensibilityGlobals) = postSolution
		SolutionGuid = {5ADD269F-EF1D-4195-BD6E-C20DB4DAEE03}
	EndGlobalSection
EndGlobal
